// !$*UTF8*$!
{
	archiveVersion = 1;
	classes = {
	};
	objectVersion = 46;
	objects = {

/* Begin PBXBuildFile section */
		EC2CD76D18BE4FAC00C8E45D /* Cocoa.framework in Frameworks */ = {isa = PBXBuildFile; fileRef = EC2CD76C18BE4FAC00C8E45D /* Cocoa.framework */; };
		EC3368691A02C06E000679DF /* NSApplication+QK.mm in Sources */ = {isa = PBXBuildFile; fileRef = EC3368681A02C06E000679DF /* NSApplication+QK.mm */; };
		EC3368731A02C117000679DF /* CRView.mm in Sources */ = {isa = PBXBuildFile; fileRef = EC3368721A02C117000679DF /* CRView.mm */; };
		EC3368781A02C15A000679DF /* QKMutableStructArray.mm in Sources */ = {isa = PBXBuildFile; fileRef = EC3368771A02C15A000679DF /* QKMutableStructArray.mm */; };
		EC33687B1A02C16B000679DF /* QKStructArray.mm in Sources */ = {isa = PBXBuildFile; fileRef = EC33687A1A02C16B000679DF /* QKStructArray.mm */; };
		EC33687E1A02C17D000679DF /* NSArray+QK.mm in Sources */ = {isa = PBXBuildFile; fileRef = EC33687D1A02C17D000679DF /* NSArray+QK.mm */; };
		EC3368821A02C1C8000679DF /* QKPixFmt.mm in Sources */ = {isa = PBXBuildFile; fileRef = EC3368811A02C1C8000679DF /* QKPixFmt.mm */; };
		EC3368851A02C1E8000679DF /* NSMutableDictionary+QK.mm in Sources */ = {isa = PBXBuildFile; fileRef = EC3368841A02C1E8000679DF /* NSMutableDictionary+QK.mm */; };
		EC3368881A02C207000679DF /* QKDuo.mm in Sources */ = {isa = PBXBuildFile; fileRef = EC3368871A02C207000679DF /* QKDuo.mm */; };
		EC33688B1A02C222000679DF /* NSMutableArray+QK.mm in Sources */ = {isa = PBXBuildFile; fileRef = EC33688A1A02C222000679DF /* NSMutableArray+QK.mm */; };
		EC33688E1A02C233000679DF /* NSData+QK.mm in Sources */ = {isa = PBXBuildFile; fileRef = EC33688D1A02C233000679DF /* NSData+QK.mm */; };
		EC3368911A02F626000679DF /* NSBundle+QK.mm in Sources */ = {isa = PBXBuildFile; fileRef = EC3368901A02F626000679DF /* NSBundle+QK.mm */; };
		EC3368941A02F631000679DF /* NSError+QK.mm in Sources */ = {isa = PBXBuildFile; fileRef = EC3368931A02F631000679DF /* NSError+QK.mm */; };
		EC3368971A02F644000679DF /* QKErrorDomain.mm in Sources */ = {isa = PBXBuildFile; fileRef = EC3368961A02F644000679DF /* QKErrorDomain.mm */; };
		EC33689A1A02F65C000679DF /* NSJSONSerialization+QK.mm in Sources */ = {isa = PBXBuildFile; fileRef = EC3368991A02F65C000679DF /* NSJSONSerialization+QK.mm */; };
		EC33689D1A02F66C000679DF /* CRColor.mm in Sources */ = {isa = PBXBuildFile; fileRef = EC33689C1A02F66C000679DF /* CRColor.mm */; };
		EC3368A01A02F685000679DF /* NSString+QK.mm in Sources */ = {isa = PBXBuildFile; fileRef = EC33689F1A02F685000679DF /* NSString+QK.mm */; };
		EC3368A31A02F69F000679DF /* QKData.mm in Sources */ = {isa = PBXBuildFile; fileRef = EC3368A21A02F69F000679DF /* QKData.mm */; };
		EC3368A61A02F6D4000679DF /* NSView+QK.mm in Sources */ = {isa = PBXBuildFile; fileRef = EC3368A51A02F6D4000679DF /* NSView+QK.mm */; };
		EC3368A91A02F6F4000679DF /* NSMutableData+QK.mm in Sources */ = {isa = PBXBuildFile; fileRef = EC3368A81A02F6F4000679DF /* NSMutableData+QK.mm */; };
		EC3368AC1A02F705000679DF /* CALayer+QK.mm in Sources */ = {isa = PBXBuildFile; fileRef = EC3368AB1A02F705000679DF /* CALayer+QK.mm */; };
		EC3368AF1A02F76A000679DF /* QKTextLayer.mm in Sources */ = {isa = PBXBuildFile; fileRef = EC3368AE1A02F76A000679DF /* QKTextLayer.mm */; };
		EC3368B21A02F77F000679DF /* NSAttributedString+QK.mm in Sources */ = {isa = PBXBuildFile; fileRef = EC3368B11A02F77F000679DF /* NSAttributedString+QK.mm */; };
		EC3368B51A02F792000679DF /* CRFont.m in Sources */ = {isa = PBXBuildFile; fileRef = EC3368B41A02F792000679DF /* CRFont.m */; };
		EC3368BD1A02FB0B000679DF /* qk-sql-util.mm in Sources */ = {isa = PBXBuildFile; fileRef = EC3368B81A02FB0B000679DF /* qk-sql-util.mm */; };
		EC3368BE1A02FB0B000679DF /* SqlDatabase.mm in Sources */ = {isa = PBXBuildFile; fileRef = EC3368BA1A02FB0B000679DF /* SqlDatabase.mm */; };
		EC3368BF1A02FB0B000679DF /* SqlStatement.mm in Sources */ = {isa = PBXBuildFile; fileRef = EC3368BC1A02FB0B000679DF /* SqlStatement.mm */; };
		EC3368C21A02FBBC000679DF /* NSDate+QK.mm in Sources */ = {isa = PBXBuildFile; fileRef = EC3368C11A02FBBC000679DF /* NSDate+QK.mm */; };
		EC3368C41A02FE90000679DF /* libsqlite3.dylib in Frameworks */ = {isa = PBXBuildFile; fileRef = EC3368C31A02FE90000679DF /* libsqlite3.dylib */; };
		EC3368C61A02FEB8000679DF /* qk-cr.mm in Sources */ = {isa = PBXBuildFile; fileRef = EC3368C51A02FEB8000679DF /* qk-cr.mm */; };
		EC56541319096CA1008C6C11 /* Images.xcassets in Resources */ = {isa = PBXBuildFile; fileRef = EC2CD7A118BE541A00C8E45D /* Images.xcassets */; };
		ECB8911018BFE7B200B8F670 /* CoreFoundation.framework in Frameworks */ = {isa = PBXBuildFile; fileRef = ECB890FC18BFD6D000B8F670 /* CoreFoundation.framework */; };
		ECB8911318BFE7B200B8F670 /* opticon-askpass.c in Sources */ = {isa = PBXBuildFile; fileRef = ECB8911218BFE7B200B8F670 /* opticon-askpass.c */; };
		ECB8911A18BFEFB200B8F670 /* Carbon.framework in Frameworks */ = {isa = PBXBuildFile; fileRef = ECB8911918BFEFB200B8F670 /* Carbon.framework */; };
		ECDC7D5F1924207B00738BD9 /* AppDelegate.mm in Sources */ = {isa = PBXBuildFile; fileRef = EC2CD7A418BE541A00C8E45D /* AppDelegate.mm */; };
		ECDC7D601924207D00738BD9 /* main.mm in Sources */ = {isa = PBXBuildFile; fileRef = EC2CD7A518BE541A00C8E45D /* main.mm */; };
		ECDC7D611924207F00738BD9 /* StatusView.mm in Sources */ = {isa = PBXBuildFile; fileRef = ECFDCD9B192290710081451D /* StatusView.mm */; };
		ECECE51518F0FB23007AAB51 /* Carbon.framework in Frameworks */ = {isa = PBXBuildFile; fileRef = ECB8911918BFEFB200B8F670 /* Carbon.framework */; };
		ECFE977B18C4F32B00D89FE6 /* QuartzCore.framework in Frameworks */ = {isa = PBXBuildFile; fileRef = ECFE977A18C4F32B00D89FE6 /* QuartzCore.framework */; };
/* End PBXBuildFile section */

/* Begin PBXCopyFilesBuildPhase section */
		ECB8910D18BFE7B100B8F670 /* CopyFiles */ = {
			isa = PBXCopyFilesBuildPhase;
			buildActionMask = 2147483647;
			dstPath = /usr/share/man/man1/;
			dstSubfolderSpec = 0;
			files = (
			);
			runOnlyForDeploymentPostprocessing = 1;
		};
/* End PBXCopyFilesBuildPhase section */

/* Begin PBXFileReference section */
		EC2CD76918BE4FAC00C8E45D /* Opticon-Debug.app */ = {isa = PBXFileReference; explicitFileType = wrapper.application; includeInIndex = 0; path = "Opticon-Debug.app"; sourceTree = BUILT_PRODUCTS_DIR; };
		EC2CD76C18BE4FAC00C8E45D /* Cocoa.framework */ = {isa = PBXFileReference; lastKnownFileType = wrapper.framework; name = Cocoa.framework; path = System/Library/Frameworks/Cocoa.framework; sourceTree = SDKROOT; };
		EC2CD76F18BE4FAC00C8E45D /* AppKit.framework */ = {isa = PBXFileReference; lastKnownFileType = wrapper.framework; name = AppKit.framework; path = System/Library/Frameworks/AppKit.framework; sourceTree = SDKROOT; };
		EC2CD77018BE4FAC00C8E45D /* CoreData.framework */ = {isa = PBXFileReference; lastKnownFileType = wrapper.framework; name = CoreData.framework; path = System/Library/Frameworks/CoreData.framework; sourceTree = SDKROOT; };
		EC2CD77118BE4FAC00C8E45D /* Foundation.framework */ = {isa = PBXFileReference; lastKnownFileType = wrapper.framework; name = Foundation.framework; path = System/Library/Frameworks/Foundation.framework; sourceTree = SDKROOT; };
		EC2CD78B18BE4FAC00C8E45D /* XCTest.framework */ = {isa = PBXFileReference; lastKnownFileType = wrapper.framework; name = XCTest.framework; path = Library/Frameworks/XCTest.framework; sourceTree = DEVELOPER_DIR; };
		EC2CD7A118BE541A00C8E45D /* Images.xcassets */ = {isa = PBXFileReference; lastKnownFileType = folder.assetcatalog; path = Images.xcassets; sourceTree = "<group>"; };
		EC2CD7A318BE541A00C8E45D /* AppDelegate.h */ = {isa = PBXFileReference; fileEncoding = 4; lastKnownFileType = sourcecode.c.h; path = AppDelegate.h; sourceTree = "<group>"; };
		EC2CD7A418BE541A00C8E45D /* AppDelegate.mm */ = {isa = PBXFileReference; fileEncoding = 4; lastKnownFileType = sourcecode.cpp.objcpp; path = AppDelegate.mm; sourceTree = "<group>"; };
		EC2CD7A518BE541A00C8E45D /* main.mm */ = {isa = PBXFileReference; fileEncoding = 4; lastKnownFileType = sourcecode.cpp.objcpp; path = main.mm; sourceTree = "<group>"; };
		EC2CD7A618BE541A00C8E45D /* prefix.pch */ = {isa = PBXFileReference; fileEncoding = 4; lastKnownFileType = sourcecode.c.h; path = prefix.pch; sourceTree = "<group>"; };
		EC3368651A02C016000679DF /* qk-log.h */ = {isa = PBXFileReference; fileEncoding = 4; lastKnownFileType = sourcecode.c.h; path = "qk-log.h"; sourceTree = "<group>"; };
		EC3368661A02C04F000679DF /* qk-types.h */ = {isa = PBXFileReference; lastKnownFileType = sourcecode.c.h; path = "qk-types.h"; sourceTree = "<group>"; };
		EC3368671A02C06E000679DF /* NSApplication+QK.h */ = {isa = PBXFileReference; fileEncoding = 4; lastKnownFileType = sourcecode.c.h; path = "NSApplication+QK.h"; sourceTree = "<group>"; };
		EC3368681A02C06E000679DF /* NSApplication+QK.mm */ = {isa = PBXFileReference; fileEncoding = 4; lastKnownFileType = sourcecode.cpp.objcpp; path = "NSApplication+QK.mm"; sourceTree = "<group>"; };
		EC3368711A02C117000679DF /* CRView.h */ = {isa = PBXFileReference; fileEncoding = 4; lastKnownFileType = sourcecode.c.h; path = CRView.h; sourceTree = "<group>"; };
		EC3368721A02C117000679DF /* CRView.mm */ = {isa = PBXFileReference; fileEncoding = 4; lastKnownFileType = sourcecode.cpp.objcpp; path = CRView.mm; sourceTree = "<group>"; };
		EC3368741A02C12C000679DF /* qk-cr.h */ = {isa = PBXFileReference; lastKnownFileType = sourcecode.c.h; path = "qk-cr.h"; sourceTree = "<group>"; };
		EC3368751A02C142000679DF /* qk-macros.h */ = {isa = PBXFileReference; lastKnownFileType = sourcecode.c.h; path = "qk-macros.h"; sourceTree = "<group>"; };
		EC3368761A02C15A000679DF /* QKMutableStructArray.h */ = {isa = PBXFileReference; fileEncoding = 4; lastKnownFileType = sourcecode.c.h; path = QKMutableStructArray.h; sourceTree = "<group>"; };
		EC3368771A02C15A000679DF /* QKMutableStructArray.mm */ = {isa = PBXFileReference; fileEncoding = 4; lastKnownFileType = sourcecode.cpp.objcpp; path = QKMutableStructArray.mm; sourceTree = "<group>"; };
		EC3368791A02C16B000679DF /* QKStructArray.h */ = {isa = PBXFileReference; fileEncoding = 4; lastKnownFileType = sourcecode.c.h; path = QKStructArray.h; sourceTree = "<group>"; };
		EC33687A1A02C16B000679DF /* QKStructArray.mm */ = {isa = PBXFileReference; fileEncoding = 4; lastKnownFileType = sourcecode.cpp.objcpp; path = QKStructArray.mm; sourceTree = "<group>"; };
		EC33687C1A02C17D000679DF /* NSArray+QK.h */ = {isa = PBXFileReference; fileEncoding = 4; lastKnownFileType = sourcecode.c.h; path = "NSArray+QK.h"; sourceTree = "<group>"; };
		EC33687D1A02C17D000679DF /* NSArray+QK.mm */ = {isa = PBXFileReference; fileEncoding = 4; lastKnownFileType = sourcecode.cpp.objcpp; path = "NSArray+QK.mm"; sourceTree = "<group>"; };
		EC33687F1A02C1A9000679DF /* qk-block-types.h */ = {isa = PBXFileReference; lastKnownFileType = sourcecode.c.h; path = "qk-block-types.h"; sourceTree = "<group>"; };
		EC3368801A02C1C8000679DF /* QKPixFmt.h */ = {isa = PBXFileReference; fileEncoding = 4; lastKnownFileType = sourcecode.c.h; path = QKPixFmt.h; sourceTree = "<group>"; };
		EC3368811A02C1C8000679DF /* QKPixFmt.mm */ = {isa = PBXFileReference; fileEncoding = 4; lastKnownFileType = sourcecode.cpp.objcpp; path = QKPixFmt.mm; sourceTree = "<group>"; };
		EC3368831A02C1E8000679DF /* NSMutableDictionary+QK.h */ = {isa = PBXFileReference; fileEncoding = 4; lastKnownFileType = sourcecode.c.h; path = "NSMutableDictionary+QK.h"; sourceTree = "<group>"; };
		EC3368841A02C1E8000679DF /* NSMutableDictionary+QK.mm */ = {isa = PBXFileReference; fileEncoding = 4; lastKnownFileType = sourcecode.cpp.objcpp; path = "NSMutableDictionary+QK.mm"; sourceTree = "<group>"; };
		EC3368861A02C207000679DF /* QKDuo.h */ = {isa = PBXFileReference; fileEncoding = 4; lastKnownFileType = sourcecode.c.h; path = QKDuo.h; sourceTree = "<group>"; };
		EC3368871A02C207000679DF /* QKDuo.mm */ = {isa = PBXFileReference; fileEncoding = 4; lastKnownFileType = sourcecode.cpp.objcpp; path = QKDuo.mm; sourceTree = "<group>"; };
		EC3368891A02C222000679DF /* NSMutableArray+QK.h */ = {isa = PBXFileReference; fileEncoding = 4; lastKnownFileType = sourcecode.c.h; path = "NSMutableArray+QK.h"; sourceTree = "<group>"; };
		EC33688A1A02C222000679DF /* NSMutableArray+QK.mm */ = {isa = PBXFileReference; fileEncoding = 4; lastKnownFileType = sourcecode.cpp.objcpp; path = "NSMutableArray+QK.mm"; sourceTree = "<group>"; };
		EC33688C1A02C233000679DF /* NSData+QK.h */ = {isa = PBXFileReference; fileEncoding = 4; lastKnownFileType = sourcecode.c.h; path = "NSData+QK.h"; sourceTree = "<group>"; };
		EC33688D1A02C233000679DF /* NSData+QK.mm */ = {isa = PBXFileReference; fileEncoding = 4; lastKnownFileType = sourcecode.cpp.objcpp; path = "NSData+QK.mm"; sourceTree = "<group>"; };
		EC33688F1A02F626000679DF /* NSBundle+QK.h */ = {isa = PBXFileReference; fileEncoding = 4; lastKnownFileType = sourcecode.c.h; path = "NSBundle+QK.h"; sourceTree = "<group>"; };
		EC3368901A02F626000679DF /* NSBundle+QK.mm */ = {isa = PBXFileReference; fileEncoding = 4; lastKnownFileType = sourcecode.cpp.objcpp; path = "NSBundle+QK.mm"; sourceTree = "<group>"; };
		EC3368921A02F631000679DF /* NSError+QK.h */ = {isa = PBXFileReference; fileEncoding = 4; lastKnownFileType = sourcecode.c.h; path = "NSError+QK.h"; sourceTree = "<group>"; };
		EC3368931A02F631000679DF /* NSError+QK.mm */ = {isa = PBXFileReference; fileEncoding = 4; lastKnownFileType = sourcecode.cpp.objcpp; path = "NSError+QK.mm"; sourceTree = "<group>"; };
		EC3368951A02F644000679DF /* QKErrorDomain.h */ = {isa = PBXFileReference; fileEncoding = 4; lastKnownFileType = sourcecode.c.h; path = QKErrorDomain.h; sourceTree = "<group>"; };
		EC3368961A02F644000679DF /* QKErrorDomain.mm */ = {isa = PBXFileReference; fileEncoding = 4; lastKnownFileType = sourcecode.cpp.objcpp; path = QKErrorDomain.mm; sourceTree = "<group>"; };
		EC3368981A02F65C000679DF /* NSJSONSerialization+QK.h */ = {isa = PBXFileReference; fileEncoding = 4; lastKnownFileType = sourcecode.c.h; path = "NSJSONSerialization+QK.h"; sourceTree = "<group>"; };
		EC3368991A02F65C000679DF /* NSJSONSerialization+QK.mm */ = {isa = PBXFileReference; fileEncoding = 4; lastKnownFileType = sourcecode.cpp.objcpp; path = "NSJSONSerialization+QK.mm"; sourceTree = "<group>"; };
		EC33689B1A02F66C000679DF /* CRColor.h */ = {isa = PBXFileReference; fileEncoding = 4; lastKnownFileType = sourcecode.c.h; path = CRColor.h; sourceTree = "<group>"; };
		EC33689C1A02F66C000679DF /* CRColor.mm */ = {isa = PBXFileReference; fileEncoding = 4; lastKnownFileType = sourcecode.cpp.objcpp; path = CRColor.mm; sourceTree = "<group>"; };
		EC33689E1A02F685000679DF /* NSString+QK.h */ = {isa = PBXFileReference; fileEncoding = 4; lastKnownFileType = sourcecode.c.h; path = "NSString+QK.h"; sourceTree = "<group>"; };
		EC33689F1A02F685000679DF /* NSString+QK.mm */ = {isa = PBXFileReference; fileEncoding = 4; lastKnownFileType = sourcecode.cpp.objcpp; path = "NSString+QK.mm"; sourceTree = "<group>"; };
		EC3368A11A02F69F000679DF /* QKData.h */ = {isa = PBXFileReference; fileEncoding = 4; lastKnownFileType = sourcecode.c.h; path = QKData.h; sourceTree = "<group>"; };
		EC3368A21A02F69F000679DF /* QKData.mm */ = {isa = PBXFileReference; fileEncoding = 4; lastKnownFileType = sourcecode.cpp.objcpp; path = QKData.mm; sourceTree = "<group>"; };
		EC3368A41A02F6D4000679DF /* NSView+QK.h */ = {isa = PBXFileReference; fileEncoding = 4; lastKnownFileType = sourcecode.c.h; path = "NSView+QK.h"; sourceTree = "<group>"; };
		EC3368A51A02F6D4000679DF /* NSView+QK.mm */ = {isa = PBXFileReference; fileEncoding = 4; lastKnownFileType = sourcecode.cpp.objcpp; path = "NSView+QK.mm"; sourceTree = "<group>"; };
		EC3368A71A02F6F4000679DF /* NSMutableData+QK.h */ = {isa = PBXFileReference; fileEncoding = 4; lastKnownFileType = sourcecode.c.h; path = "NSMutableData+QK.h"; sourceTree = "<group>"; };
		EC3368A81A02F6F4000679DF /* NSMutableData+QK.mm */ = {isa = PBXFileReference; fileEncoding = 4; lastKnownFileType = sourcecode.cpp.objcpp; path = "NSMutableData+QK.mm"; sourceTree = "<group>"; };
		EC3368AA1A02F705000679DF /* CALayer+QK.h */ = {isa = PBXFileReference; fileEncoding = 4; lastKnownFileType = sourcecode.c.h; path = "CALayer+QK.h"; sourceTree = "<group>"; };
		EC3368AB1A02F705000679DF /* CALayer+QK.mm */ = {isa = PBXFileReference; fileEncoding = 4; lastKnownFileType = sourcecode.cpp.objcpp; path = "CALayer+QK.mm"; sourceTree = "<group>"; };
		EC3368AD1A02F76A000679DF /* QKTextLayer.h */ = {isa = PBXFileReference; fileEncoding = 4; lastKnownFileType = sourcecode.c.h; path = QKTextLayer.h; sourceTree = "<group>"; };
		EC3368AE1A02F76A000679DF /* QKTextLayer.mm */ = {isa = PBXFileReference; fileEncoding = 4; lastKnownFileType = sourcecode.cpp.objcpp; path = QKTextLayer.mm; sourceTree = "<group>"; };
		EC3368B01A02F77F000679DF /* NSAttributedString+QK.h */ = {isa = PBXFileReference; fileEncoding = 4; lastKnownFileType = sourcecode.c.h; path = "NSAttributedString+QK.h"; sourceTree = "<group>"; };
		EC3368B11A02F77F000679DF /* NSAttributedString+QK.mm */ = {isa = PBXFileReference; fileEncoding = 4; lastKnownFileType = sourcecode.cpp.objcpp; path = "NSAttributedString+QK.mm"; sourceTree = "<group>"; };
		EC3368B31A02F792000679DF /* CRFont.h */ = {isa = PBXFileReference; fileEncoding = 4; lastKnownFileType = sourcecode.c.h; path = CRFont.h; sourceTree = "<group>"; };
		EC3368B41A02F792000679DF /* CRFont.m */ = {isa = PBXFileReference; fileEncoding = 4; lastKnownFileType = sourcecode.c.objc; path = CRFont.m; sourceTree = "<group>"; };
		EC3368B71A02FB0B000679DF /* qk-sql-util.h */ = {isa = PBXFileReference; fileEncoding = 4; lastKnownFileType = sourcecode.c.h; path = "qk-sql-util.h"; sourceTree = "<group>"; };
		EC3368B81A02FB0B000679DF /* qk-sql-util.mm */ = {isa = PBXFileReference; fileEncoding = 4; lastKnownFileType = sourcecode.cpp.objcpp; path = "qk-sql-util.mm"; sourceTree = "<group>"; };
		EC3368B91A02FB0B000679DF /* SqlDatabase.h */ = {isa = PBXFileReference; fileEncoding = 4; lastKnownFileType = sourcecode.c.h; path = SqlDatabase.h; sourceTree = "<group>"; };
		EC3368BA1A02FB0B000679DF /* SqlDatabase.mm */ = {isa = PBXFileReference; fileEncoding = 4; lastKnownFileType = sourcecode.cpp.objcpp; path = SqlDatabase.mm; sourceTree = "<group>"; };
		EC3368BB1A02FB0B000679DF /* SqlStatement.h */ = {isa = PBXFileReference; fileEncoding = 4; lastKnownFileType = sourcecode.c.h; path = SqlStatement.h; sourceTree = "<group>"; };
		EC3368BC1A02FB0B000679DF /* SqlStatement.mm */ = {isa = PBXFileReference; fileEncoding = 4; lastKnownFileType = sourcecode.cpp.objcpp; path = SqlStatement.mm; sourceTree = "<group>"; };
		EC3368C01A02FBBC000679DF /* NSDate+QK.h */ = {isa = PBXFileReference; fileEncoding = 4; lastKnownFileType = sourcecode.c.h; path = "NSDate+QK.h"; sourceTree = "<group>"; };
		EC3368C11A02FBBC000679DF /* NSDate+QK.mm */ = {isa = PBXFileReference; fileEncoding = 4; lastKnownFileType = sourcecode.cpp.objcpp; path = "NSDate+QK.mm"; sourceTree = "<group>"; };
		EC3368C31A02FE90000679DF /* libsqlite3.dylib */ = {isa = PBXFileReference; lastKnownFileType = "compiled.mach-o.dylib"; name = libsqlite3.dylib; path = usr/lib/libsqlite3.dylib; sourceTree = SDKROOT; };
		EC3368C51A02FEB8000679DF /* qk-cr.mm */ = {isa = PBXFileReference; fileEncoding = 4; lastKnownFileType = sourcecode.cpp.objcpp; name = "qk-cr.mm"; path = "submodules/libqk/src-qk/cr/qk-cr.mm"; sourceTree = SOURCE_ROOT; };
		EC45910718F8E15A00AA1460 /* event-structs.h */ = {isa = PBXFileReference; fileEncoding = 4; lastKnownFileType = sourcecode.c.h; path = "event-structs.h"; sourceTree = "<group>"; };
		ECB890F518BE57E600B8F670 /* opticon-Info.plist */ = {isa = PBXFileReference; fileEncoding = 4; lastKnownFileType = text.plist.xml; path = "opticon-Info.plist"; sourceTree = "<group>"; };
		ECB890FC18BFD6D000B8F670 /* CoreFoundation.framework */ = {isa = PBXFileReference; lastKnownFileType = wrapper.framework; name = CoreFoundation.framework; path = System/Library/Frameworks/CoreFoundation.framework; sourceTree = SDKROOT; };
		ECB8910918BFD9E100B8F670 /* CoreGraphics.framework */ = {isa = PBXFileReference; lastKnownFileType = wrapper.framework; name = CoreGraphics.framework; path = System/Library/Frameworks/CoreGraphics.framework; sourceTree = SDKROOT; };
		ECB8910F18BFE7B100B8F670 /* opticon-askpass-Debug */ = {isa = PBXFileReference; explicitFileType = "compiled.mach-o.executable"; includeInIndex = 0; path = "opticon-askpass-Debug"; sourceTree = BUILT_PRODUCTS_DIR; };
		ECB8911218BFE7B200B8F670 /* opticon-askpass.c */ = {isa = PBXFileReference; lastKnownFileType = sourcecode.c.c; path = "opticon-askpass.c"; sourceTree = "<group>"; };
		ECB8911918BFEFB200B8F670 /* Carbon.framework */ = {isa = PBXFileReference; lastKnownFileType = wrapper.framework; name = Carbon.framework; path = System/Library/Frameworks/Carbon.framework; sourceTree = SDKROOT; };
		ECFDCD9A192290710081451D /* StatusView.h */ = {isa = PBXFileReference; fileEncoding = 4; lastKnownFileType = sourcecode.c.h; path = StatusView.h; sourceTree = "<group>"; };
		ECFDCD9B192290710081451D /* StatusView.mm */ = {isa = PBXFileReference; fileEncoding = 4; lastKnownFileType = sourcecode.cpp.objcpp; path = StatusView.mm; sourceTree = "<group>"; };
		ECFE977A18C4F32B00D89FE6 /* QuartzCore.framework */ = {isa = PBXFileReference; lastKnownFileType = wrapper.framework; name = QuartzCore.framework; path = System/Library/Frameworks/QuartzCore.framework; sourceTree = SDKROOT; };
/* End PBXFileReference section */

/* Begin PBXFrameworksBuildPhase section */
		EC2CD76618BE4FAC00C8E45D /* Frameworks */ = {
			isa = PBXFrameworksBuildPhase;
			buildActionMask = 2147483647;
			files = (
				EC3368C41A02FE90000679DF /* libsqlite3.dylib in Frameworks */,
				ECECE51518F0FB23007AAB51 /* Carbon.framework in Frameworks */,
				EC2CD76D18BE4FAC00C8E45D /* Cocoa.framework in Frameworks */,
				ECFE977B18C4F32B00D89FE6 /* QuartzCore.framework in Frameworks */,
			);
			runOnlyForDeploymentPostprocessing = 0;
		};
		ECB8910C18BFE7B100B8F670 /* Frameworks */ = {
			isa = PBXFrameworksBuildPhase;
			buildActionMask = 2147483647;
			files = (
				ECB8911A18BFEFB200B8F670 /* Carbon.framework in Frameworks */,
				ECB8911018BFE7B200B8F670 /* CoreFoundation.framework in Frameworks */,
			);
			runOnlyForDeploymentPostprocessing = 0;
		};
/* End PBXFrameworksBuildPhase section */

/* Begin PBXGroup section */
		EC2CD76018BE4FAC00C8E45D = {
			isa = PBXGroup;
			children = (
				ECB890F518BE57E600B8F670 /* opticon-Info.plist */,
				EC2CD7A018BE541A00C8E45D /* res */,
				EC2CD7A218BE541A00C8E45D /* src-app */,
				ECB8911118BFE7B200B8F670 /* src-askpass */,
				EC2CD76B18BE4FAC00C8E45D /* Frameworks */,
				EC2CD76A18BE4FAC00C8E45D /* Products */,
			);
			sourceTree = "<group>";
		};
		EC2CD76A18BE4FAC00C8E45D /* Products */ = {
			isa = PBXGroup;
			children = (
				EC2CD76918BE4FAC00C8E45D /* Opticon-Debug.app */,
				ECB8910F18BFE7B100B8F670 /* opticon-askpass-Debug */,
			);
			name = Products;
			sourceTree = "<group>";
		};
		EC2CD76B18BE4FAC00C8E45D /* Frameworks */ = {
			isa = PBXGroup;
			children = (
				EC3368C31A02FE90000679DF /* libsqlite3.dylib */,
				ECFE977A18C4F32B00D89FE6 /* QuartzCore.framework */,
				ECB8911918BFEFB200B8F670 /* Carbon.framework */,
				ECB8910918BFD9E100B8F670 /* CoreGraphics.framework */,
				EC2CD76C18BE4FAC00C8E45D /* Cocoa.framework */,
				EC2CD78B18BE4FAC00C8E45D /* XCTest.framework */,
				ECB890FC18BFD6D000B8F670 /* CoreFoundation.framework */,
				EC2CD76E18BE4FAC00C8E45D /* Other Frameworks */,
			);
			name = Frameworks;
			sourceTree = "<group>";
		};
		EC2CD76E18BE4FAC00C8E45D /* Other Frameworks */ = {
			isa = PBXGroup;
			children = (
				EC2CD76F18BE4FAC00C8E45D /* AppKit.framework */,
				EC2CD77018BE4FAC00C8E45D /* CoreData.framework */,
				EC2CD77118BE4FAC00C8E45D /* Foundation.framework */,
			);
			name = "Other Frameworks";
			sourceTree = "<group>";
		};
		EC2CD7A018BE541A00C8E45D /* res */ = {
			isa = PBXGroup;
			children = (
				EC2CD7A118BE541A00C8E45D /* Images.xcassets */,
			);
			path = res;
			sourceTree = "<group>";
		};
		EC2CD7A218BE541A00C8E45D /* src-app */ = {
			isa = PBXGroup;
			children = (
				EC2CD7A318BE541A00C8E45D /* AppDelegate.h */,
				EC2CD7A418BE541A00C8E45D /* AppDelegate.mm */,
				EC45910718F8E15A00AA1460 /* event-structs.h */,
				EC2CD7A518BE541A00C8E45D /* main.mm */,
				EC2CD7A618BE541A00C8E45D /* prefix.pch */,
				EC3368641A02C016000679DF /* qk */,
				ECFDCD9A192290710081451D /* StatusView.h */,
				ECFDCD9B192290710081451D /* StatusView.mm */,
			);
			path = "src-app";
			sourceTree = "<group>";
		};
		EC3368641A02C016000679DF /* qk */ = {
			isa = PBXGroup;
			children = (
				EC3368B61A02FB0B000679DF /* sql */,
				EC3368B01A02F77F000679DF /* NSAttributedString+QK.h */,
				EC3368B11A02F77F000679DF /* NSAttributedString+QK.mm */,
				EC3368AA1A02F705000679DF /* CALayer+QK.h */,
				EC3368AB1A02F705000679DF /* CALayer+QK.mm */,
				EC33689B1A02F66C000679DF /* CRColor.h */,
				EC33689C1A02F66C000679DF /* CRColor.mm */,
				EC3368B31A02F792000679DF /* CRFont.h */,
				EC3368B41A02F792000679DF /* CRFont.m */,
				EC3368981A02F65C000679DF /* NSJSONSerialization+QK.h */,
				EC3368991A02F65C000679DF /* NSJSONSerialization+QK.mm */,
				EC33687F1A02C1A9000679DF /* qk-block-types.h */,
				EC3368741A02C12C000679DF /* qk-cr.h */,
				EC3368C51A02FEB8000679DF /* qk-cr.mm */,
				EC3368751A02C142000679DF /* qk-macros.h */,
				EC3368711A02C117000679DF /* CRView.h */,
				EC3368721A02C117000679DF /* CRView.mm */,
				EC33688F1A02F626000679DF /* NSBundle+QK.h */,
				EC3368901A02F626000679DF /* NSBundle+QK.mm */,
				EC33688C1A02C233000679DF /* NSData+QK.h */,
				EC33688D1A02C233000679DF /* NSData+QK.mm */,
				EC3368C01A02FBBC000679DF /* NSDate+QK.h */,
				EC3368C11A02FBBC000679DF /* NSDate+QK.mm */,
				EC3368921A02F631000679DF /* NSError+QK.h */,
				EC3368931A02F631000679DF /* NSError+QK.mm */,
				EC33687C1A02C17D000679DF /* NSArray+QK.h */,
				EC33687D1A02C17D000679DF /* NSArray+QK.mm */,
				EC3368671A02C06E000679DF /* NSApplication+QK.h */,
				EC3368681A02C06E000679DF /* NSApplication+QK.mm */,
				EC3368651A02C016000679DF /* qk-log.h */,
				EC3368661A02C04F000679DF /* qk-types.h */,
				EC3368A11A02F69F000679DF /* QKData.h */,
				EC3368A21A02F69F000679DF /* QKData.mm */,
				EC3368861A02C207000679DF /* QKDuo.h */,
				EC3368871A02C207000679DF /* QKDuo.mm */,
				EC3368951A02F644000679DF /* QKErrorDomain.h */,
				EC3368961A02F644000679DF /* QKErrorDomain.mm */,
				EC3368831A02C1E8000679DF /* NSMutableDictionary+QK.h */,
				EC3368841A02C1E8000679DF /* NSMutableDictionary+QK.mm */,
				EC3368891A02C222000679DF /* NSMutableArray+QK.h */,
				EC33688A1A02C222000679DF /* NSMutableArray+QK.mm */,
				EC3368A71A02F6F4000679DF /* NSMutableData+QK.h */,
				EC3368A81A02F6F4000679DF /* NSMutableData+QK.mm */,
				EC33689E1A02F685000679DF /* NSString+QK.h */,
				EC33689F1A02F685000679DF /* NSString+QK.mm */,
				EC3368791A02C16B000679DF /* QKStructArray.h */,
				EC33687A1A02C16B000679DF /* QKStructArray.mm */,
				EC3368801A02C1C8000679DF /* QKPixFmt.h */,
				EC3368811A02C1C8000679DF /* QKPixFmt.mm */,
				EC3368761A02C15A000679DF /* QKMutableStructArray.h */,
				EC3368771A02C15A000679DF /* QKMutableStructArray.mm */,
				EC3368AD1A02F76A000679DF /* QKTextLayer.h */,
				EC3368AE1A02F76A000679DF /* QKTextLayer.mm */,
				EC3368A41A02F6D4000679DF /* NSView+QK.h */,
				EC3368A51A02F6D4000679DF /* NSView+QK.mm */,
			);
			path = qk;
			sourceTree = "<group>";
		};
		EC3368B61A02FB0B000679DF /* sql */ = {
			isa = PBXGroup;
			children = (
				EC3368B71A02FB0B000679DF /* qk-sql-util.h */,
				EC3368B81A02FB0B000679DF /* qk-sql-util.mm */,
				EC3368B91A02FB0B000679DF /* SqlDatabase.h */,
				EC3368BA1A02FB0B000679DF /* SqlDatabase.mm */,
				EC3368BB1A02FB0B000679DF /* SqlStatement.h */,
				EC3368BC1A02FB0B000679DF /* SqlStatement.mm */,
			);
			path = sql;
			sourceTree = "<group>";
		};
		ECB8911118BFE7B200B8F670 /* src-askpass */ = {
			isa = PBXGroup;
			children = (
				ECB8911218BFE7B200B8F670 /* opticon-askpass.c */,
			);
			path = "src-askpass";
			sourceTree = "<group>";
		};
/* End PBXGroup section */

/* Begin PBXNativeTarget section */
		EC2CD76818BE4FAC00C8E45D /* Opticon */ = {
			isa = PBXNativeTarget;
			buildConfigurationList = EC2CD79A18BE4FAC00C8E45D /* Build configuration list for PBXNativeTarget "Opticon" */;
			buildPhases = (
				EC2CD76518BE4FAC00C8E45D /* Sources */,
				EC2CD76618BE4FAC00C8E45D /* Frameworks */,
				EC56541419096CCD008C6C11 /* create Contents/Resources (Xcode bug workaround?) */,
				EC2CD76718BE4FAC00C8E45D /* Resources */,
				EC56541019096755008C6C11 /* Copy product to _build/ */,
			);
			buildRules = (
			);
			dependencies = (
			);
			name = Opticon;
			productName = opticon;
			productReference = EC2CD76918BE4FAC00C8E45D /* Opticon-Debug.app */;
			productType = "com.apple.product-type.application";
		};
		ECB8910E18BFE7B100B8F670 /* opticon-askpass */ = {
			isa = PBXNativeTarget;
			buildConfigurationList = ECB8911618BFE7B200B8F670 /* Build configuration list for PBXNativeTarget "opticon-askpass" */;
			buildPhases = (
				ECB8910B18BFE7B100B8F670 /* Sources */,
				ECB8910C18BFE7B100B8F670 /* Frameworks */,
				ECB8910D18BFE7B100B8F670 /* CopyFiles */,
				ECB8911B18C0C2B700B8F670 /* Copy product to _build/ */,
			);
			buildRules = (
			);
			dependencies = (
			);
			name = "opticon-askpass";
			productName = "opticon-askpass";
			productReference = ECB8910F18BFE7B100B8F670 /* opticon-askpass-Debug */;
			productType = "com.apple.product-type.tool";
		};
/* End PBXNativeTarget section */

/* Begin PBXProject section */
		EC2CD76118BE4FAC00C8E45D /* Project object */ = {
			isa = PBXProject;
			attributes = {
				LastUpgradeCheck = 0500;
				ORGANIZATIONNAME = gonkus;
			};
			buildConfigurationList = EC2CD76418BE4FAC00C8E45D /* Build configuration list for PBXProject "opticon" */;
			compatibilityVersion = "Xcode 3.2";
			developmentRegion = English;
			hasScannedForEncodings = 0;
			knownRegions = (
				en,
				Base,
			);
			mainGroup = EC2CD76018BE4FAC00C8E45D;
			productRefGroup = EC2CD76A18BE4FAC00C8E45D /* Products */;
			projectDirPath = "";
			projectRoot = "";
			targets = (
				EC2CD76818BE4FAC00C8E45D /* Opticon */,
				ECB8910E18BFE7B100B8F670 /* opticon-askpass */,
			);
		};
/* End PBXProject section */

/* Begin PBXResourcesBuildPhase section */
		EC2CD76718BE4FAC00C8E45D /* Resources */ = {
			isa = PBXResourcesBuildPhase;
			buildActionMask = 2147483647;
			files = (
				EC56541319096CA1008C6C11 /* Images.xcassets in Resources */,
			);
			runOnlyForDeploymentPostprocessing = 0;
		};
/* End PBXResourcesBuildPhase section */

/* Begin PBXShellScriptBuildPhase section */
		EC56541019096755008C6C11 /* Copy product to _build/ */ = {
			isa = PBXShellScriptBuildPhase;
			buildActionMask = 2147483647;
			files = (
			);
			inputPaths = (
			);
			name = "Copy product to _build/";
			outputPaths = (
			);
			runOnlyForDeploymentPostprocessing = 0;
			shellPath = /bin/sh;
			shellScript = "product=$BUILT_PRODUCTS_DIR/$FULL_PRODUCT_NAME\ndst_dir=$PROJECT_DIR/_build\ndst=$dst_dir/$FULL_PRODUCT_NAME\necho \"product: '$product'\"\necho \"dst: '$dst'\"\nset -ex\nmkdir -p \"$dst_dir\"\nrm -rf \"$dst\"\ncp -r \"$product\" \"$dst_dir\"\ntouch \"$dst\"\n";
		};
		EC56541419096CCD008C6C11 /* create Contents/Resources (Xcode bug workaround?) */ = {
			isa = PBXShellScriptBuildPhase;
			buildActionMask = 2147483647;
			files = (
			);
			inputPaths = (
			);
			name = "create Contents/Resources (Xcode bug workaround?)";
			outputPaths = (
			);
			runOnlyForDeploymentPostprocessing = 0;
			shellPath = /bin/sh;
			shellScript = "mkdir -p $BUILT_PRODUCTS_DIR/$UNLOCALIZED_RESOURCES_FOLDER_PATH";
		};
		ECB8911B18C0C2B700B8F670 /* Copy product to _build/ */ = {
			isa = PBXShellScriptBuildPhase;
			buildActionMask = 2147483647;
			files = (
			);
			inputPaths = (
			);
			name = "Copy product to _build/";
			outputPaths = (
			);
			runOnlyForDeploymentPostprocessing = 0;
			shellPath = /bin/sh;
			shellScript = "product=$BUILT_PRODUCTS_DIR/$FULL_PRODUCT_NAME\ndst_dir=$PROJECT_DIR/_build\ndst=$dst_dir/$FULL_PRODUCT_NAME\necho \"product: '$product'\"\necho \"dst: '$dst'\"\nset -ex\nmkdir -p \"$dst_dir\"\nrm -rf \"$dst\"\ncp -r \"$product\" \"$dst_dir\"\ntouch \"$dst\"\n";
		};
/* End PBXShellScriptBuildPhase section */

/* Begin PBXSourcesBuildPhase section */
		EC2CD76518BE4FAC00C8E45D /* Sources */ = {
			isa = PBXSourcesBuildPhase;
			buildActionMask = 2147483647;
			files = (
				EC3368B21A02F77F000679DF /* NSAttributedString+QK.mm in Sources */,
				EC3368911A02F626000679DF /* NSBundle+QK.mm in Sources */,
				EC33687B1A02C16B000679DF /* QKStructArray.mm in Sources */,
				EC3368BE1A02FB0B000679DF /* SqlDatabase.mm in Sources */,
				EC33689D1A02F66C000679DF /* CRColor.mm in Sources */,
				EC33688B1A02C222000679DF /* NSMutableArray+QK.mm in Sources */,
				ECDC7D5F1924207B00738BD9 /* AppDelegate.mm in Sources */,
				EC3368A91A02F6F4000679DF /* NSMutableData+QK.mm in Sources */,
				ECDC7D601924207D00738BD9 /* main.mm in Sources */,
				ECDC7D611924207F00738BD9 /* StatusView.mm in Sources */,
				EC3368AC1A02F705000679DF /* CALayer+QK.mm in Sources */,
				EC3368971A02F644000679DF /* QKErrorDomain.mm in Sources */,
				EC3368C21A02FBBC000679DF /* NSDate+QK.mm in Sources */,
				EC3368A01A02F685000679DF /* NSString+QK.mm in Sources */,
				EC3368691A02C06E000679DF /* NSApplication+QK.mm in Sources */,
				EC3368AF1A02F76A000679DF /* QKTextLayer.mm in Sources */,
				EC3368C61A02FEB8000679DF /* qk-cr.mm in Sources */,
				EC33687E1A02C17D000679DF /* NSArray+QK.mm in Sources */,
				EC3368A31A02F69F000679DF /* QKData.mm in Sources */,
				EC3368BD1A02FB0B000679DF /* qk-sql-util.mm in Sources */,
				EC3368781A02C15A000679DF /* QKMutableStructArray.mm in Sources */,
				EC3368881A02C207000679DF /* QKDuo.mm in Sources */,
				EC33689A1A02F65C000679DF /* NSJSONSerialization+QK.mm in Sources */,
				EC3368B51A02F792000679DF /* CRFont.m in Sources */,
				EC3368A61A02F6D4000679DF /* NSView+QK.mm in Sources */,
				EC3368851A02C1E8000679DF /* NSMutableDictionary+QK.mm in Sources */,
				EC3368731A02C117000679DF /* CRView.mm in Sources */,
				EC33688E1A02C233000679DF /* NSData+QK.mm in Sources */,
				EC3368821A02C1C8000679DF /* QKPixFmt.mm in Sources */,
				EC3368BF1A02FB0B000679DF /* SqlStatement.mm in Sources */,
				EC3368941A02F631000679DF /* NSError+QK.mm in Sources */,
			);
			runOnlyForDeploymentPostprocessing = 0;
		};
		ECB8910B18BFE7B100B8F670 /* Sources */ = {
			isa = PBXSourcesBuildPhase;
			buildActionMask = 2147483647;
			files = (
				ECB8911318BFE7B200B8F670 /* opticon-askpass.c in Sources */,
			);
			runOnlyForDeploymentPostprocessing = 0;
		};
/* End PBXSourcesBuildPhase section */

/* Begin XCBuildConfiguration section */
		EC2CD79818BE4FAC00C8E45D /* Debug */ = {
			isa = XCBuildConfiguration;
			buildSettings = {
				ALWAYS_SEARCH_USER_PATHS = NO;
				CLANG_CXX_LANGUAGE_STANDARD = "gnu++0x";
				CLANG_CXX_LIBRARY = "libc++";
				CLANG_ENABLE_OBJC_ARC = YES;
				CLANG_WARN_BOOL_CONVERSION = YES;
				CLANG_WARN_CONSTANT_CONVERSION = YES;
				CLANG_WARN_DEPRECATED_OBJC_IMPLEMENTATIONS = YES;
				CLANG_WARN_EMPTY_BODY = YES;
				CLANG_WARN_ENUM_CONVERSION = YES;
				CLANG_WARN_INT_CONVERSION = YES;
				CLANG_WARN_OBJC_ROOT_CLASS = YES_ERROR;
				CLANG_WARN__DUPLICATE_METHOD_MATCH = YES;
				CONFIG_SUFFIX = "-Debug";
				COPY_PHASE_STRIP = NO;
				GCC_C_LANGUAGE_STANDARD = gnu11;
				GCC_ENABLE_PASCAL_STRINGS = NO;
				GCC_OPTIMIZATION_LEVEL = 0;
				GCC_PREPROCESSOR_DEFINITIONS = (
					"DEBUG=1",
					"$(inherited)",
				);
				GCC_WARN_64_TO_32_BIT_CONVERSION = YES;
				GCC_WARN_ABOUT_MISSING_NEWLINE = YES;
				GCC_WARN_ABOUT_RETURN_TYPE = YES_ERROR;
				GCC_WARN_FOUR_CHARACTER_CONSTANTS = YES;
				GCC_WARN_SHADOW = YES;
				GCC_WARN_UNDECLARED_SELECTOR = YES;
				GCC_WARN_UNINITIALIZED_AUTOS = YES;
				GCC_WARN_UNKNOWN_PRAGMAS = YES;
				GCC_WARN_UNUSED_FUNCTION = YES;
				GCC_WARN_UNUSED_LABEL = YES;
				GCC_WARN_UNUSED_VARIABLE = YES;
				HEADER_SEARCH_PATHS = (
					"$(inherited)",
					/Applications/Xcode.app/Contents/Developer/Toolchains/XcodeDefault.xctoolchain/usr/include,
					"submodules/libqk/submodules/libqk-built-mac/include",
				);
				LIBRARY_SEARCH_PATHS = "submodules/libqk/submodules/libqk-built-mac/lib";
				MACOSX_DEPLOYMENT_TARGET = 10.9;
				ONLY_ACTIVE_ARCH = YES;
				SDKROOT = macosx;
			};
			name = Debug;
		};
		EC2CD79918BE4FAC00C8E45D /* Release */ = {
			isa = XCBuildConfiguration;
			buildSettings = {
				ALWAYS_SEARCH_USER_PATHS = NO;
				CLANG_CXX_LANGUAGE_STANDARD = "gnu++0x";
				CLANG_CXX_LIBRARY = "libc++";
				CLANG_ENABLE_OBJC_ARC = YES;
				CLANG_WARN_BOOL_CONVERSION = YES;
				CLANG_WARN_CONSTANT_CONVERSION = YES;
				CLANG_WARN_DEPRECATED_OBJC_IMPLEMENTATIONS = YES;
				CLANG_WARN_EMPTY_BODY = YES;
				CLANG_WARN_ENUM_CONVERSION = YES;
				CLANG_WARN_INT_CONVERSION = YES;
				CLANG_WARN_OBJC_ROOT_CLASS = YES_ERROR;
				CLANG_WARN__DUPLICATE_METHOD_MATCH = YES;
				CONFIG_SUFFIX = "";
				COPY_PHASE_STRIP = YES;
				DEBUG_INFORMATION_FORMAT = "dwarf-with-dsym";
				ENABLE_NS_ASSERTIONS = NO;
				GCC_C_LANGUAGE_STANDARD = gnu11;
				GCC_ENABLE_PASCAL_STRINGS = NO;
				GCC_PREPROCESSOR_DEFINITIONS = "DEBUG=0";
				GCC_WARN_64_TO_32_BIT_CONVERSION = YES;
				GCC_WARN_ABOUT_MISSING_NEWLINE = YES;
				GCC_WARN_ABOUT_RETURN_TYPE = YES_ERROR;
				GCC_WARN_FOUR_CHARACTER_CONSTANTS = YES;
				GCC_WARN_SHADOW = YES;
				GCC_WARN_UNDECLARED_SELECTOR = YES;
				GCC_WARN_UNINITIALIZED_AUTOS = YES;
				GCC_WARN_UNKNOWN_PRAGMAS = YES;
				GCC_WARN_UNUSED_FUNCTION = YES;
				GCC_WARN_UNUSED_LABEL = YES;
				GCC_WARN_UNUSED_VARIABLE = YES;
				HEADER_SEARCH_PATHS = (
					"$(inherited)",
					/Applications/Xcode.app/Contents/Developer/Toolchains/XcodeDefault.xctoolchain/usr/include,
					"submodules/libqk/submodules/libqk-built-mac/include",
				);
				LIBRARY_SEARCH_PATHS = "submodules/libqk/submodules/libqk-built-mac/lib";
				MACOSX_DEPLOYMENT_TARGET = 10.9;
				SDKROOT = macosx;
			};
			name = Release;
		};
		EC2CD79B18BE4FAC00C8E45D /* Debug */ = {
			isa = XCBuildConfiguration;
			buildSettings = {
				ASSETCATALOG_COMPILER_APPICON_NAME = AppIcon;
				COMBINE_HIDPI_IMAGES = YES;
				GCC_PRECOMPILE_PREFIX_HEADER = YES;
				GCC_PREFIX_HEADER = "src-app/prefix.pch";
				INFOPLIST_FILE = "opticon-Info.plist";
				LIBRARY_SEARCH_PATHS = (
					"$(inherited)",
					"$(PROJECT_DIR)/submodules/libqk/submodules/libqk-built-mac/lib",
				);
				OTHER_CFLAGS = "-mms-bitfields";
				PRODUCT_NAME = "$(TARGET_NAME)$(CONFIG_SUFFIX)";
				WRAPPER_EXTENSION = app;
			};
			name = Debug;
		};
		EC2CD79C18BE4FAC00C8E45D /* Release */ = {
			isa = XCBuildConfiguration;
			buildSettings = {
				ASSETCATALOG_COMPILER_APPICON_NAME = AppIcon;
				COMBINE_HIDPI_IMAGES = YES;
				GCC_PRECOMPILE_PREFIX_HEADER = YES;
				GCC_PREFIX_HEADER = "src-app/prefix.pch";
				INFOPLIST_FILE = "opticon-Info.plist";
				LIBRARY_SEARCH_PATHS = (
					"$(inherited)",
					"$(PROJECT_DIR)/submodules/libqk/submodules/libqk-built-mac/lib",
				);
				OTHER_CFLAGS = "-mms-bitfields";
				PRODUCT_NAME = "$(TARGET_NAME)$(CONFIG_SUFFIX)";
				WRAPPER_EXTENSION = app;
			};
			name = Release;
		};
		ECB8911718BFE7B200B8F670 /* Debug */ = {
			isa = XCBuildConfiguration;
			buildSettings = {
				GCC_C_LANGUAGE_STANDARD = gnu11;
				PRODUCT_NAME = "$(TARGET_NAME)$(CONFIG_SUFFIX)";
			};
			name = Debug;
		};
		ECB8911818BFE7B200B8F670 /* Release */ = {
			isa = XCBuildConfiguration;
			buildSettings = {
				GCC_C_LANGUAGE_STANDARD = gnu11;
				PRODUCT_NAME = "$(TARGET_NAME)$(CONFIG_SUFFIX)";
			};
			name = Release;
		};
/* End XCBuildConfiguration section */

/* Begin XCConfigurationList section */
		EC2CD76418BE4FAC00C8E45D /* Build configuration list for PBXProject "opticon" */ = {
			isa = XCConfigurationList;
			buildConfigurations = (
				EC2CD79818BE4FAC00C8E45D /* Debug */,
				EC2CD79918BE4FAC00C8E45D /* Release */,
			);
			defaultConfigurationIsVisible = 0;
			defaultConfigurationName = Release;
		};
		EC2CD79A18BE4FAC00C8E45D /* Build configuration list for PBXNativeTarget "Opticon" */ = {
			isa = XCConfigurationList;
			buildConfigurations = (
				EC2CD79B18BE4FAC00C8E45D /* Debug */,
				EC2CD79C18BE4FAC00C8E45D /* Release */,
			);
			defaultConfigurationIsVisible = 0;
			defaultConfigurationName = Release;
		};
		ECB8911618BFE7B200B8F670 /* Build configuration list for PBXNativeTarget "opticon-askpass" */ = {
			isa = XCConfigurationList;
			buildConfigurations = (
				ECB8911718BFE7B200B8F670 /* Debug */,
				ECB8911818BFE7B200B8F670 /* Release */,
			);
			defaultConfigurationIsVisible = 0;
			defaultConfigurationName = Release;
		};
/* End XCConfigurationList section */
	};
	rootObject = EC2CD76118BE4FAC00C8E45D /* Project object */;
}
